
Microsoft Visual Studio Solution File, Format Version 12.00
# Visual Studio Version 17
VisualStudioVersion = 17.7.34031.279
MinimumVisualStudioVersion = 10.0.40219.1
Project("{FAE04EC0-301F-11D3-BF4B-00C04F79EFBC}") = "Pokemon-WebApi", "Pokemon-WebApi\Pokemon-WebApi.csproj", "{576E37EC-92CB-4D59-A93F-2C206819FCB7}"
EndProject
Global
	GlobalSection(SolutionConfigurationPlatforms) = preSolution
		Debug|Any CPU = Debug|Any CPU
		Release|Any CPU = Release|Any CPU
	EndGlobalSection
	GlobalSection(ProjectConfigurationPlatforms) = postSolution
		{576E37EC-92CB-4D59-A93F-2C206819FCB7}.Debug|Any CPU.ActiveCfg = Debug|Any CPU
		{576E37EC-92CB-4D59-A93F-2C206819FCB7}.Debug|Any CPU.Build.0 = Debug|Any CPU
		{576E37EC-92CB-4D59-A93F-2C206819FCB7}.Release|Any CPU.ActiveCfg = Release|Any CPU
		{576E37EC-92CB-4D59-A93F-2C206819FCB7}.Release|Any CPU.Build.0 = Release|Any CPU
	EndGlobalSection
	GlobalSection(SolutionProperties) = preSolution
		HideSolutionNode = FALSE
	EndGlobalSection
	GlobalSection(ExtensibilityGlobals) = postSolution
		SolutionGuid = {8074965C-F84C-442F-8C51-21971B023699}
	EndGlobalSection
EndGlobal
